{
  "name": "34-sending-emails-using-nodejs",
  "version": "1.0.0",
  "lockfileVersion": 3,
  "requires": true,
  "packages": {
    "": {
      "name": "34-sending-emails-using-nodejs",
      "version": "1.0.0",
      "license": "ISC",
      "dependencies": {
        "nodemailer": "^7.0.6",
        "resend": "^6.1.0"
      }
    },
    "node_modules/nodemailer": {
      "version": "7.0.6",
      "resolved": "https://registry.npmjs.org/nodemailer/-/nodemailer-7.0.6.tgz",
      "integrity": "sha512-F44uVzgwo49xboqbFgBGkRaiMgtoBrBEWCVincJPK9+S9Adkzt/wXCLKbf7dxucmxfTI5gHGB+bEmdyzN6QKjw==",
      "license": "MIT-0",
      "engines": {
        "node": ">=6.0.0"
      }
    },
    "node_modules/resend": {
      "version": "6.1.0",
      "resolved": "https://registry.npmjs.org/resend/-/resend-6.1.0.tgz",
      "integrity": "sha512-H0cJI2pcLk5/dGwyvZUHu+O7X/q6arvc40EWm+pRPuy+PSWojH5utZtmDBUZ2L0+gVwYZiWs6y2lw6GQA1z1rg==",
      "license": "MIT",
      "engines": {
        "node": ">=18"
      },
      "peerDependencies": {
        "@react-email/render": "^1.1.0"
      },
      "peerDependenciesMeta": {
        "@react-email/render": {
          "optional": true
        }
      }
    }
  }
}
