{
  "name": "20-word-counter-cli-project",
  "lockfileVersion": 3,
  "requires": true,
  "packages": {
    "": {
      "dependencies": {
        "govind-word-counter": "^1.0.0"
      }
    },
    "node_modules/govind-word-counter": {
      "version": "1.0.0",
      "resolved": "https://registry.npmjs.org/govind-word-counter/-/govind-word-counter-1.0.0.tgz",
      "integrity": "sha512-KfUnhr95eo/0Rsfz+f01gVBFu2rD5JT1sfSRalZTAB474/vN+hmejPFncK9FE0MBz6vPpeJJInAuNj7YbpFKZA==",
      "bin": {
        "govind-word-counter": "app.js"
      }
    }
  }
}
